// !$*UTF8*$!
{
	archiveVersion = 1;
	classes = {
	};
	objectVersion = 60;
	objects = {

/* Begin PBXBuildFile section */
		2856FD4F2BD04B6200D4799B /* HmCapstoneApp.swift in Sources */ = {isa = PBXBuildFile; fileRef = 2856FD4E2BD04B6200D4799B /* HmCapstoneApp.swift */; };
		2856FD512BD04B6200D4799B /* ContentView.swift in Sources */ = {isa = PBXBuildFile; fileRef = 2856FD502BD04B6200D4799B /* ContentView.swift */; };
		2856FD532BD04B6500D4799B /* Assets.xcassets in Resources */ = {isa = PBXBuildFile; fileRef = 2856FD522BD04B6500D4799B /* Assets.xcassets */; };
		2856FD562BD04B6500D4799B /* Preview Assets.xcassets in Resources */ = {isa = PBXBuildFile; fileRef = 2856FD552BD04B6500D4799B /* Preview Assets.xcassets */; };
		2856FD602BD04B6500D4799B /* HmCapstoneTests.swift in Sources */ = {isa = PBXBuildFile; fileRef = 2856FD5F2BD04B6500D4799B /* HmCapstoneTests.swift */; };
		2856FD6A2BD04B6500D4799B /* HmCapstoneUITests.swift in Sources */ = {isa = PBXBuildFile; fileRef = 2856FD692BD04B6500D4799B /* HmCapstoneUITests.swift */; };
		2856FD6C2BD04B6500D4799B /* HmCapstoneUITestsLaunchTests.swift in Sources */ = {isa = PBXBuildFile; fileRef = 2856FD6B2BD04B6500D4799B /* HmCapstoneUITestsLaunchTests.swift */; };
		2856FD7B2BD05F5000D4799B /* WelcomeScreenView.swift in Sources */ = {isa = PBXBuildFile; fileRef = 2856FD7A2BD05F5000D4799B /* WelcomeScreenView.swift */; };
		2856FD7D2BD05F6E00D4799B /* OnBoardingView.swift in Sources */ = {isa = PBXBuildFile; fileRef = 2856FD7C2BD05F6E00D4799B /* OnBoardingView.swift */; };
		2856FD7F2BD05FB600D4799B /* HomeNPILookupView.swift in Sources */ = {isa = PBXBuildFile; fileRef = 2856FD7E2BD05FB600D4799B /* HomeNPILookupView.swift */; };
		2861158D2BD3033D008AFB24 /* NPIDetailView.swift in Sources */ = {isa = PBXBuildFile; fileRef = 2861158C2BD3033D008AFB24 /* NPIDetailView.swift */; };
		286115B52BD62FD3008AFB24 /* MedicalSchoolDetailView.swift in Sources */ = {isa = PBXBuildFile; fileRef = 286115B42BD62FD3008AFB24 /* MedicalSchoolDetailView.swift */; };
		286115C52BD6BFCF008AFB24 /* InternshipDetailView.swift in Sources */ = {isa = PBXBuildFile; fileRef = 286115C42BD6BFCF008AFB24 /* InternshipDetailView.swift */; };
		286115C72BD6C33E008AFB24 /* ResidencyDetailView.swift in Sources */ = {isa = PBXBuildFile; fileRef = 286115C62BD6C33E008AFB24 /* ResidencyDetailView.swift */; };
		286115C92BD6C3C9008AFB24 /* FellowshipDetailView.swift in Sources */ = {isa = PBXBuildFile; fileRef = 286115C82BD6C3C9008AFB24 /* FellowshipDetailView.swift */; };
		286115CF2BD6C4A3008AFB24 /* EmployersDetailView.swift in Sources */ = {isa = PBXBuildFile; fileRef = 286115CE2BD6C4A3008AFB24 /* EmployersDetailView.swift */; };
		286115D32BD8BE09008AFB24 /* InternshipDetailsViewModel.swift in Sources */ = {isa = PBXBuildFile; fileRef = 286115D22BD8BE09008AFB24 /* InternshipDetailsViewModel.swift */; };
		286115D72BD8C60C008AFB24 /* ResidencyDetailsViewModel.swift in Sources */ = {isa = PBXBuildFile; fileRef = 286115D62BD8C60C008AFB24 /* ResidencyDetailsViewModel.swift */; };
		286115D92BD8C6DC008AFB24 /* FellowshipDetailsViewModel.swift in Sources */ = {isa = PBXBuildFile; fileRef = 286115D82BD8C6DC008AFB24 /* FellowshipDetailsViewModel.swift */; };
		286115DB2BD8CE5F008AFB24 /* BoardCertificationDetailsViewModel.swift in Sources */ = {isa = PBXBuildFile; fileRef = 286115DA2BD8CE5F008AFB24 /* BoardCertificationDetailsViewModel.swift */; };
		286115DF2BD8CF18008AFB24 /* BoardCertificationDetailView.swift in Sources */ = {isa = PBXBuildFile; fileRef = 286115DE2BD8CF18008AFB24 /* BoardCertificationDetailView.swift */; };
		286115E12BD8D322008AFB24 /* HospitalAffiliationsDetailsViewModel.swift in Sources */ = {isa = PBXBuildFile; fileRef = 286115E02BD8D322008AFB24 /* HospitalAffiliationsDetailsViewModel.swift */; };
		286115E32BD8D357008AFB24 /* HospitalAffiliationsDetailView.swift in Sources */ = {isa = PBXBuildFile; fileRef = 286115E22BD8D357008AFB24 /* HospitalAffiliationsDetailView.swift */; };
		286115E52BD8D7D6008AFB24 /* MedicalSchoolDetailsViewModel.swift in Sources */ = {isa = PBXBuildFile; fileRef = 286115E42BD8D7D6008AFB24 /* MedicalSchoolDetailsViewModel.swift */; };
		286115E72BD968B4008AFB24 /* StateMedicalLicenseDetailView.swift in Sources */ = {isa = PBXBuildFile; fileRef = 286115E62BD968B4008AFB24 /* StateMedicalLicenseDetailView.swift */; };
		286115E92BD968ED008AFB24 /* StateMedicalLicenseDetailsViewModel.swift in Sources */ = {isa = PBXBuildFile; fileRef = 286115E82BD968ED008AFB24 /* StateMedicalLicenseDetailsViewModel.swift */; };
		286115EB2BD97537008AFB24 /* EmployersDetailsViewModel.swift in Sources */ = {isa = PBXBuildFile; fileRef = 286115EA2BD97537008AFB24 /* EmployersDetailsViewModel.swift */; };
		286115ED2BD9A858008AFB24 /* ProviderDetailView.swift in Sources */ = {isa = PBXBuildFile; fileRef = 286115EC2BD9A858008AFB24 /* ProviderDetailView.swift */; };
		286115EF2BD9B120008AFB24 /* PrivateDataViewModel.swift in Sources */ = {isa = PBXBuildFile; fileRef = 286115EE2BD9B120008AFB24 /* PrivateDataViewModel.swift */; };
		286115F22BD9CBB0008AFB24 /* SharedEnums.swift in Sources */ = {isa = PBXBuildFile; fileRef = 286115F12BD9CBB0008AFB24 /* SharedEnums.swift */; };
		2892A1242BDA2EC700F1F3BE /* ProviderViewModelTests.swift in Sources */ = {isa = PBXBuildFile; fileRef = 2892A1232BDA2EC700F1F3BE /* ProviderViewModelTests.swift */; };
		2892A1262BDA3A4E00F1F3BE /* NPPESAPIModelTests.swift in Sources */ = {isa = PBXBuildFile; fileRef = 2892A1252BDA3A4E00F1F3BE /* NPPESAPIModelTests.swift */; };
		2892A1282BDA3C8700F1F3BE /* PrivateDataViewUITests.swift in Sources */ = {isa = PBXBuildFile; fileRef = 2892A1272BDA3C8700F1F3BE /* PrivateDataViewUITests.swift */; };
		2892A12A2BDAD12700F1F3BE /* MainTabViewUITests.swift in Sources */ = {isa = PBXBuildFile; fileRef = 2892A1292BDAD12700F1F3BE /* MainTabViewUITests.swift */; };
		289946152BD2471E0017E03C /* MainTabView.swift in Sources */ = {isa = PBXBuildFile; fileRef = 289946142BD2471E0017E03C /* MainTabView.swift */; };
		289946172BD248320017E03C /* ProviderViewModel.swift in Sources */ = {isa = PBXBuildFile; fileRef = 289946162BD248320017E03C /* ProviderViewModel.swift */; };
		289946192BD248890017E03C /* NppesApiModel.swift in Sources */ = {isa = PBXBuildFile; fileRef = 289946182BD248890017E03C /* NppesApiModel.swift */; };
		2899461D2BD249420017E03C /* PublicDataView.swift in Sources */ = {isa = PBXBuildFile; fileRef = 2899461C2BD249420017E03C /* PublicDataView.swift */; };
		2899461F2BD2499A0017E03C /* PrivateDataView.swift in Sources */ = {isa = PBXBuildFile; fileRef = 2899461E2BD2499A0017E03C /* PrivateDataView.swift */; };
/* End PBXBuildFile section */

/* Begin PBXContainerItemProxy section */
		2856FD5C2BD04B6500D4799B /* PBXContainerItemProxy */ = {
			isa = PBXContainerItemProxy;
			containerPortal = 2856FD432BD04B6200D4799B /* Project object */;
			proxyType = 1;
			remoteGlobalIDString = 2856FD4A2BD04B6200D4799B;
			remoteInfo = hmCapstone;
		};
		2856FD662BD04B6500D4799B /* PBXContainerItemProxy */ = {
			isa = PBXContainerItemProxy;
			containerPortal = 2856FD432BD04B6200D4799B /* Project object */;
			proxyType = 1;
			remoteGlobalIDString = 2856FD4A2BD04B6200D4799B;
			remoteInfo = hmCapstone;
		};
/* End PBXContainerItemProxy section */

/* Begin PBXFileReference section */
		2856FD4B2BD04B6200D4799B /* hmCapstone.app */ = {isa = PBXFileReference; explicitFileType = wrapper.application; includeInIndex = 0; path = hmCapstone.app; sourceTree = BUILT_PRODUCTS_DIR; };
		2856FD4E2BD04B6200D4799B /* HmCapstoneApp.swift */ = {isa = PBXFileReference; lastKnownFileType = sourcecode.swift; path = HmCapstoneApp.swift; sourceTree = "<group>"; };
		2856FD502BD04B6200D4799B /* ContentView.swift */ = {isa = PBXFileReference; lastKnownFileType = sourcecode.swift; path = ContentView.swift; sourceTree = "<group>"; };
		2856FD522BD04B6500D4799B /* Assets.xcassets */ = {isa = PBXFileReference; lastKnownFileType = folder.assetcatalog; path = Assets.xcassets; sourceTree = "<group>"; };
		2856FD552BD04B6500D4799B /* Preview Assets.xcassets */ = {isa = PBXFileReference; lastKnownFileType = folder.assetcatalog; path = "Preview Assets.xcassets"; sourceTree = "<group>"; };
		2856FD5B2BD04B6500D4799B /* hmCapstoneTests.xctest */ = {isa = PBXFileReference; explicitFileType = wrapper.cfbundle; includeInIndex = 0; path = hmCapstoneTests.xctest; sourceTree = BUILT_PRODUCTS_DIR; };
		2856FD5F2BD04B6500D4799B /* HmCapstoneTests.swift */ = {isa = PBXFileReference; lastKnownFileType = sourcecode.swift; path = HmCapstoneTests.swift; sourceTree = "<group>"; };
		2856FD652BD04B6500D4799B /* hmCapstoneUITests.xctest */ = {isa = PBXFileReference; explicitFileType = wrapper.cfbundle; includeInIndex = 0; path = hmCapstoneUITests.xctest; sourceTree = BUILT_PRODUCTS_DIR; };
		2856FD692BD04B6500D4799B /* HmCapstoneUITests.swift */ = {isa = PBXFileReference; lastKnownFileType = sourcecode.swift; path = HmCapstoneUITests.swift; sourceTree = "<group>"; };
		2856FD6B2BD04B6500D4799B /* HmCapstoneUITestsLaunchTests.swift */ = {isa = PBXFileReference; lastKnownFileType = sourcecode.swift; path = HmCapstoneUITestsLaunchTests.swift; sourceTree = "<group>"; };
		2856FD7A2BD05F5000D4799B /* WelcomeScreenView.swift */ = {isa = PBXFileReference; lastKnownFileType = sourcecode.swift; path = WelcomeScreenView.swift; sourceTree = "<group>"; };
		2856FD7C2BD05F6E00D4799B /* OnBoardingView.swift */ = {isa = PBXFileReference; lastKnownFileType = sourcecode.swift; path = OnBoardingView.swift; sourceTree = "<group>"; };
		2856FD7E2BD05FB600D4799B /* HomeNPILookupView.swift */ = {isa = PBXFileReference; lastKnownFileType = sourcecode.swift; path = HomeNPILookupView.swift; sourceTree = "<group>"; };
		2861158C2BD3033D008AFB24 /* NPIDetailView.swift */ = {isa = PBXFileReference; lastKnownFileType = sourcecode.swift; path = NPIDetailView.swift; sourceTree = "<group>"; };
		286115B42BD62FD3008AFB24 /* MedicalSchoolDetailView.swift */ = {isa = PBXFileReference; lastKnownFileType = sourcecode.swift; path = MedicalSchoolDetailView.swift; sourceTree = "<group>"; };
		286115C42BD6BFCF008AFB24 /* InternshipDetailView.swift */ = {isa = PBXFileReference; lastKnownFileType = sourcecode.swift; path = InternshipDetailView.swift; sourceTree = "<group>"; };
		286115C62BD6C33E008AFB24 /* ResidencyDetailView.swift */ = {isa = PBXFileReference; lastKnownFileType = sourcecode.swift; path = ResidencyDetailView.swift; sourceTree = "<group>"; };
		286115C82BD6C3C9008AFB24 /* FellowshipDetailView.swift */ = {isa = PBXFileReference; lastKnownFileType = sourcecode.swift; path = FellowshipDetailView.swift; sourceTree = "<group>"; };
		286115CE2BD6C4A3008AFB24 /* EmployersDetailView.swift */ = {isa = PBXFileReference; lastKnownFileType = sourcecode.swift; path = EmployersDetailView.swift; sourceTree = "<group>"; };
		286115D22BD8BE09008AFB24 /* InternshipDetailsViewModel.swift */ = {isa = PBXFileReference; lastKnownFileType = sourcecode.swift; path = InternshipDetailsViewModel.swift; sourceTree = "<group>"; };
		286115D62BD8C60C008AFB24 /* ResidencyDetailsViewModel.swift */ = {isa = PBXFileReference; lastKnownFileType = sourcecode.swift; path = ResidencyDetailsViewModel.swift; sourceTree = "<group>"; };
		286115D82BD8C6DC008AFB24 /* FellowshipDetailsViewModel.swift */ = {isa = PBXFileReference; lastKnownFileType = sourcecode.swift; path = FellowshipDetailsViewModel.swift; sourceTree = "<group>"; };
		286115DA2BD8CE5F008AFB24 /* BoardCertificationDetailsViewModel.swift */ = {isa = PBXFileReference; lastKnownFileType = sourcecode.swift; path = BoardCertificationDetailsViewModel.swift; sourceTree = "<group>"; };
		286115DE2BD8CF18008AFB24 /* BoardCertificationDetailView.swift */ = {isa = PBXFileReference; lastKnownFileType = sourcecode.swift; path = BoardCertificationDetailView.swift; sourceTree = "<group>"; };
		286115E02BD8D322008AFB24 /* HospitalAffiliationsDetailsViewModel.swift */ = {isa = PBXFileReference; lastKnownFileType = sourcecode.swift; path = HospitalAffiliationsDetailsViewModel.swift; sourceTree = "<group>"; };
		286115E22BD8D357008AFB24 /* HospitalAffiliationsDetailView.swift */ = {isa = PBXFileReference; lastKnownFileType = sourcecode.swift; path = HospitalAffiliationsDetailView.swift; sourceTree = "<group>"; };
		286115E42BD8D7D6008AFB24 /* MedicalSchoolDetailsViewModel.swift */ = {isa = PBXFileReference; lastKnownFileType = sourcecode.swift; path = MedicalSchoolDetailsViewModel.swift; sourceTree = "<group>"; };
		286115E62BD968B4008AFB24 /* StateMedicalLicenseDetailView.swift */ = {isa = PBXFileReference; lastKnownFileType = sourcecode.swift; path = StateMedicalLicenseDetailView.swift; sourceTree = "<group>"; };
		286115E82BD968ED008AFB24 /* StateMedicalLicenseDetailsViewModel.swift */ = {isa = PBXFileReference; lastKnownFileType = sourcecode.swift; path = StateMedicalLicenseDetailsViewModel.swift; sourceTree = "<group>"; };
		286115EA2BD97537008AFB24 /* EmployersDetailsViewModel.swift */ = {isa = PBXFileReference; lastKnownFileType = sourcecode.swift; path = EmployersDetailsViewModel.swift; sourceTree = "<group>"; };
		286115EC2BD9A858008AFB24 /* ProviderDetailView.swift */ = {isa = PBXFileReference; lastKnownFileType = sourcecode.swift; path = ProviderDetailView.swift; sourceTree = "<group>"; };
		286115EE2BD9B120008AFB24 /* PrivateDataViewModel.swift */ = {isa = PBXFileReference; lastKnownFileType = sourcecode.swift; path = PrivateDataViewModel.swift; sourceTree = "<group>"; };
		286115F12BD9CBB0008AFB24 /* SharedEnums.swift */ = {isa = PBXFileReference; lastKnownFileType = sourcecode.swift; path = SharedEnums.swift; sourceTree = "<group>"; };
		2892A1232BDA2EC700F1F3BE /* ProviderViewModelTests.swift */ = {isa = PBXFileReference; lastKnownFileType = sourcecode.swift; path = ProviderViewModelTests.swift; sourceTree = "<group>"; };
		2892A1252BDA3A4E00F1F3BE /* NPPESAPIModelTests.swift */ = {isa = PBXFileReference; lastKnownFileType = sourcecode.swift; path = NPPESAPIModelTests.swift; sourceTree = "<group>"; };
		2892A1272BDA3C8700F1F3BE /* PrivateDataViewUITests.swift */ = {isa = PBXFileReference; lastKnownFileType = sourcecode.swift; path = PrivateDataViewUITests.swift; sourceTree = "<group>"; };
		2892A1292BDAD12700F1F3BE /* MainTabViewUITests.swift */ = {isa = PBXFileReference; lastKnownFileType = sourcecode.swift; path = MainTabViewUITests.swift; sourceTree = "<group>"; };
		289946142BD2471E0017E03C /* MainTabView.swift */ = {isa = PBXFileReference; lastKnownFileType = sourcecode.swift; path = MainTabView.swift; sourceTree = "<group>"; };
		289946162BD248320017E03C /* ProviderViewModel.swift */ = {isa = PBXFileReference; lastKnownFileType = sourcecode.swift; path = ProviderViewModel.swift; sourceTree = "<group>"; };
		289946182BD248890017E03C /* NppesApiModel.swift */ = {isa = PBXFileReference; lastKnownFileType = sourcecode.swift; path = NppesApiModel.swift; sourceTree = "<group>"; };
		2899461C2BD249420017E03C /* PublicDataView.swift */ = {isa = PBXFileReference; lastKnownFileType = sourcecode.swift; path = PublicDataView.swift; sourceTree = "<group>"; };
		2899461E2BD2499A0017E03C /* PrivateDataView.swift */ = {isa = PBXFileReference; lastKnownFileType = sourcecode.swift; path = PrivateDataView.swift; sourceTree = "<group>"; };
/* End PBXFileReference section */

/* Begin PBXFrameworksBuildPhase section */
		2856FD482BD04B6200D4799B /* Frameworks */ = {
			isa = PBXFrameworksBuildPhase;
			buildActionMask = 2147483647;
			files = (
			);
			runOnlyForDeploymentPostprocessing = 0;
		};
		2856FD582BD04B6500D4799B /* Frameworks */ = {
			isa = PBXFrameworksBuildPhase;
			buildActionMask = 2147483647;
			files = (
			);
			runOnlyForDeploymentPostprocessing = 0;
		};
		2856FD622BD04B6500D4799B /* Frameworks */ = {
			isa = PBXFrameworksBuildPhase;
			buildActionMask = 2147483647;
			files = (
			);
			runOnlyForDeploymentPostprocessing = 0;
		};
/* End PBXFrameworksBuildPhase section */

/* Begin PBXGroup section */
		2856FD422BD04B6200D4799B = {
			isa = PBXGroup;
			children = (
				2856FD4D2BD04B6200D4799B /* hmCapstone */,
				2856FD5E2BD04B6500D4799B /* hmCapstoneTests */,
				2856FD682BD04B6500D4799B /* hmCapstoneUITests */,
				2856FD4C2BD04B6200D4799B /* Products */,
			);
			sourceTree = "<group>";
		};
		2856FD4C2BD04B6200D4799B /* Products */ = {
			isa = PBXGroup;
			children = (
				2856FD4B2BD04B6200D4799B /* hmCapstone.app */,
				2856FD5B2BD04B6500D4799B /* hmCapstoneTests.xctest */,
				2856FD652BD04B6500D4799B /* hmCapstoneUITests.xctest */,
			);
			name = Products;
			sourceTree = "<group>";
		};
		2856FD4D2BD04B6200D4799B /* hmCapstone */ = {
			isa = PBXGroup;
			children = (
				286115F02BD9CB8C008AFB24 /* Enums */,
				2856FD792BD05C6700D4799B /* Models */,
				2856FD4E2BD04B6200D4799B /* HmCapstoneApp.swift */,
				2856FD782BD05C4D00D4799B /* Views */,
				2856FD522BD04B6500D4799B /* Assets.xcassets */,
				2856FD542BD04B6500D4799B /* Preview Content */,
			);
			path = hmCapstone;
			sourceTree = "<group>";
		};
		2856FD542BD04B6500D4799B /* Preview Content */ = {
			isa = PBXGroup;
			children = (
				2856FD552BD04B6500D4799B /* Preview Assets.xcassets */,
			);
			path = "Preview Content";
			sourceTree = "<group>";
		};
		2856FD5E2BD04B6500D4799B /* hmCapstoneTests */ = {
			isa = PBXGroup;
			children = (
				2856FD5F2BD04B6500D4799B /* HmCapstoneTests.swift */,
				2892A1232BDA2EC700F1F3BE /* ProviderViewModelTests.swift */,
				2892A1252BDA3A4E00F1F3BE /* NPPESAPIModelTests.swift */,
			);
			path = hmCapstoneTests;
			sourceTree = "<group>";
		};
		2856FD682BD04B6500D4799B /* hmCapstoneUITests */ = {
			isa = PBXGroup;
			children = (
				2856FD692BD04B6500D4799B /* HmCapstoneUITests.swift */,
				2856FD6B2BD04B6500D4799B /* HmCapstoneUITestsLaunchTests.swift */,
				2892A1272BDA3C8700F1F3BE /* PrivateDataViewUITests.swift */,
				2892A1292BDAD12700F1F3BE /* MainTabViewUITests.swift */,
			);
			path = hmCapstoneUITests;
			sourceTree = "<group>";
		};
		2856FD782BD05C4D00D4799B /* Views */ = {
			isa = PBXGroup;
			children = (
				2856FD502BD04B6200D4799B /* ContentView.swift */,
				2856FD7A2BD05F5000D4799B /* WelcomeScreenView.swift */,
				2856FD7C2BD05F6E00D4799B /* OnBoardingView.swift */,
				2856FD7E2BD05FB600D4799B /* HomeNPILookupView.swift */,
				289946142BD2471E0017E03C /* MainTabView.swift */,
				2899461C2BD249420017E03C /* PublicDataView.swift */,
				2899461E2BD2499A0017E03C /* PrivateDataView.swift */,
				2861158C2BD3033D008AFB24 /* NPIDetailView.swift */,
				286115B42BD62FD3008AFB24 /* MedicalSchoolDetailView.swift */,
				286115C42BD6BFCF008AFB24 /* InternshipDetailView.swift */,
				286115C62BD6C33E008AFB24 /* ResidencyDetailView.swift */,
				286115C82BD6C3C9008AFB24 /* FellowshipDetailView.swift */,
				286115CE2BD6C4A3008AFB24 /* EmployersDetailView.swift */,
				286115DE2BD8CF18008AFB24 /* BoardCertificationDetailView.swift */,
				286115E22BD8D357008AFB24 /* HospitalAffiliationsDetailView.swift */,
				286115E62BD968B4008AFB24 /* StateMedicalLicenseDetailView.swift */,
				286115EC2BD9A858008AFB24 /* ProviderDetailView.swift */,
			);
			path = Views;
			sourceTree = "<group>";
		};
		2856FD792BD05C6700D4799B /* Models */ = {
			isa = PBXGroup;
			children = (
				289946162BD248320017E03C /* ProviderViewModel.swift */,
				289946182BD248890017E03C /* NppesApiModel.swift */,
				286115D22BD8BE09008AFB24 /* InternshipDetailsViewModel.swift */,
				286115D62BD8C60C008AFB24 /* ResidencyDetailsViewModel.swift */,
				286115D82BD8C6DC008AFB24 /* FellowshipDetailsViewModel.swift */,
				286115DA2BD8CE5F008AFB24 /* BoardCertificationDetailsViewModel.swift */,
				286115E02BD8D322008AFB24 /* HospitalAffiliationsDetailsViewModel.swift */,
				286115E42BD8D7D6008AFB24 /* MedicalSchoolDetailsViewModel.swift */,
				286115E82BD968ED008AFB24 /* StateMedicalLicenseDetailsViewModel.swift */,
				286115EA2BD97537008AFB24 /* EmployersDetailsViewModel.swift */,
				286115EE2BD9B120008AFB24 /* PrivateDataViewModel.swift */,
			);
			path = Models;
			sourceTree = "<group>";
		};
		286115F02BD9CB8C008AFB24 /* Enums */ = {
			isa = PBXGroup;
			children = (
				286115F12BD9CBB0008AFB24 /* SharedEnums.swift */,
			);
			path = Enums;
			sourceTree = "<group>";
		};
/* End PBXGroup section */

/* Begin PBXNativeTarget section */
		2856FD4A2BD04B6200D4799B /* hmCapstone */ = {
			isa = PBXNativeTarget;
			buildConfigurationList = 2856FD6F2BD04B6500D4799B /* Build configuration list for PBXNativeTarget "hmCapstone" */;
			buildPhases = (
				2892A12B2BDAE90800F1F3BE /* Run Script */,
				2856FD472BD04B6200D4799B /* Sources */,
				2856FD482BD04B6200D4799B /* Frameworks */,
				2856FD492BD04B6200D4799B /* Resources */,
			);
			buildRules = (
			);
			dependencies = (
			);
			name = hmCapstone;
			productName = hmCapstone;
			productReference = 2856FD4B2BD04B6200D4799B /* hmCapstone.app */;
			productType = "com.apple.product-type.application";
		};
		2856FD5A2BD04B6500D4799B /* hmCapstoneTests */ = {
			isa = PBXNativeTarget;
			buildConfigurationList = 2856FD722BD04B6500D4799B /* Build configuration list for PBXNativeTarget "hmCapstoneTests" */;
			buildPhases = (
				2856FD572BD04B6500D4799B /* Sources */,
				2856FD582BD04B6500D4799B /* Frameworks */,
				2856FD592BD04B6500D4799B /* Resources */,
			);
			buildRules = (
			);
			dependencies = (
				2856FD5D2BD04B6500D4799B /* PBXTargetDependency */,
			);
			name = hmCapstoneTests;
			productName = hmCapstoneTests;
			productReference = 2856FD5B2BD04B6500D4799B /* hmCapstoneTests.xctest */;
			productType = "com.apple.product-type.bundle.unit-test";
		};
		2856FD642BD04B6500D4799B /* hmCapstoneUITests */ = {
			isa = PBXNativeTarget;
			buildConfigurationList = 2856FD752BD04B6500D4799B /* Build configuration list for PBXNativeTarget "hmCapstoneUITests" */;
			buildPhases = (
				2856FD612BD04B6500D4799B /* Sources */,
				2856FD622BD04B6500D4799B /* Frameworks */,
				2856FD632BD04B6500D4799B /* Resources */,
			);
			buildRules = (
			);
			dependencies = (
				2856FD672BD04B6500D4799B /* PBXTargetDependency */,
			);
			name = hmCapstoneUITests;
			productName = hmCapstoneUITests;
			productReference = 2856FD652BD04B6500D4799B /* hmCapstoneUITests.xctest */;
			productType = "com.apple.product-type.bundle.ui-testing";
		};
/* End PBXNativeTarget section */

/* Begin PBXProject section */
		2856FD432BD04B6200D4799B /* Project object */ = {
			isa = PBXProject;
			attributes = {
				BuildIndependentTargetsInParallel = 1;
				LastSwiftUpdateCheck = 1520;
				LastUpgradeCheck = 1520;
				TargetAttributes = {
					2856FD4A2BD04B6200D4799B = {
						CreatedOnToolsVersion = 15.2;
					};
					2856FD5A2BD04B6500D4799B = {
						CreatedOnToolsVersion = 15.2;
						TestTargetID = 2856FD4A2BD04B6200D4799B;
					};
					2856FD642BD04B6500D4799B = {
						CreatedOnToolsVersion = 15.2;
						TestTargetID = 2856FD4A2BD04B6200D4799B;
					};
				};
			};
			buildConfigurationList = 2856FD462BD04B6200D4799B /* Build configuration list for PBXProject "hmCapstone" */;
			compatibilityVersion = "Xcode 15.0";
			developmentRegion = en;
			hasScannedForEncodings = 0;
			knownRegions = (
				en,
				Base,
			);
			mainGroup = 2856FD422BD04B6200D4799B;
			productRefGroup = 2856FD4C2BD04B6200D4799B /* Products */;
			projectDirPath = "";
			projectRoot = "";
			targets = (
				2856FD4A2BD04B6200D4799B /* hmCapstone */,
				2856FD5A2BD04B6500D4799B /* hmCapstoneTests */,
				2856FD642BD04B6500D4799B /* hmCapstoneUITests */,
			);
		};
/* End PBXProject section */

/* Begin PBXResourcesBuildPhase section */
		2856FD492BD04B6200D4799B /* Resources */ = {
			isa = PBXResourcesBuildPhase;
			buildActionMask = 2147483647;
			files = (
				2856FD562BD04B6500D4799B /* Preview Assets.xcassets in Resources */,
				2856FD532BD04B6500D4799B /* Assets.xcassets in Resources */,
			);
			runOnlyForDeploymentPostprocessing = 0;
		};
		2856FD592BD04B6500D4799B /* Resources */ = {
			isa = PBXResourcesBuildPhase;
			buildActionMask = 2147483647;
			files = (
			);
			runOnlyForDeploymentPostprocessing = 0;
		};
		2856FD632BD04B6500D4799B /* Resources */ = {
			isa = PBXResourcesBuildPhase;
			buildActionMask = 2147483647;
			files = (
			);
			runOnlyForDeploymentPostprocessing = 0;
		};
/* End PBXResourcesBuildPhase section */

/* Begin PBXShellScriptBuildPhase section */
		2892A12B2BDAE90800F1F3BE /* Run Script */ = {
			isa = PBXShellScriptBuildPhase;
			buildActionMask = 2147483647;
			files = (
			);
			inputFileListPaths = (
			);
			inputPaths = (
			);
			name = "Run Script";
			outputFileListPaths = (
			);
			outputPaths = (
			);
			runOnlyForDeploymentPostprocessing = 0;
			shellPath = /bin/sh;
			shellScript = "# Type a script or drag a script file from your workspace to insert its path.\n#PATH=/opt/homebrew/bin:$PATH\n#PATH=/usr/local/bin:$PATH\nif [ -f ~/com.raywenderlich.swiftlint.yml ]; then\n  if which swiftlint > /dev/null; then\n    swiftlint --no-cache --config ~/com.raywenderlich.swiftlint.yml\n  fi\nfi\n";
		};
/* End PBXShellScriptBuildPhase section */

/* Begin PBXSourcesBuildPhase section */
		2856FD472BD04B6200D4799B /* Sources */ = {
			isa = PBXSourcesBuildPhase;
			buildActionMask = 2147483647;
			files = (
				286115E92BD968ED008AFB24 /* StateMedicalLicenseDetailsViewModel.swift in Sources */,
				286115C92BD6C3C9008AFB24 /* FellowshipDetailView.swift in Sources */,
				286115DB2BD8CE5F008AFB24 /* BoardCertificationDetailsViewModel.swift in Sources */,
				2856FD7B2BD05F5000D4799B /* WelcomeScreenView.swift in Sources */,
				286115C72BD6C33E008AFB24 /* ResidencyDetailView.swift in Sources */,
				2856FD7D2BD05F6E00D4799B /* OnBoardingView.swift in Sources */,
				2856FD512BD04B6200D4799B /* ContentView.swift in Sources */,
				289946172BD248320017E03C /* ProviderViewModel.swift in Sources */,
				286115E52BD8D7D6008AFB24 /* MedicalSchoolDetailsViewModel.swift in Sources */,
				2856FD7F2BD05FB600D4799B /* HomeNPILookupView.swift in Sources */,
				286115C52BD6BFCF008AFB24 /* InternshipDetailView.swift in Sources */,
				2861158D2BD3033D008AFB24 /* NPIDetailView.swift in Sources */,
				286115ED2BD9A858008AFB24 /* ProviderDetailView.swift in Sources */,
				2899461D2BD249420017E03C /* PublicDataView.swift in Sources */,
				286115E72BD968B4008AFB24 /* StateMedicalLicenseDetailView.swift in Sources */,
				286115B52BD62FD3008AFB24 /* MedicalSchoolDetailView.swift in Sources */,
				286115F22BD9CBB0008AFB24 /* SharedEnums.swift in Sources */,
				286115D92BD8C6DC008AFB24 /* FellowshipDetailsViewModel.swift in Sources */,
				286115EF2BD9B120008AFB24 /* PrivateDataViewModel.swift in Sources */,
				2856FD4F2BD04B6200D4799B /* HmCapstoneApp.swift in Sources */,
				286115DF2BD8CF18008AFB24 /* BoardCertificationDetailView.swift in Sources */,
				286115E32BD8D357008AFB24 /* HospitalAffiliationsDetailView.swift in Sources */,
				2899461F2BD2499A0017E03C /* PrivateDataView.swift in Sources */,
				289946152BD2471E0017E03C /* MainTabView.swift in Sources */,
				286115EB2BD97537008AFB24 /* EmployersDetailsViewModel.swift in Sources */,
				289946192BD248890017E03C /* NppesApiModel.swift in Sources */,
				286115D32BD8BE09008AFB24 /* InternshipDetailsViewModel.swift in Sources */,
				286115CF2BD6C4A3008AFB24 /* EmployersDetailView.swift in Sources */,
				286115E12BD8D322008AFB24 /* HospitalAffiliationsDetailsViewModel.swift in Sources */,
				286115D72BD8C60C008AFB24 /* ResidencyDetailsViewModel.swift in Sources */,
			);
			runOnlyForDeploymentPostprocessing = 0;
		};
		2856FD572BD04B6500D4799B /* Sources */ = {
			isa = PBXSourcesBuildPhase;
			buildActionMask = 2147483647;
			files = (
				2856FD602BD04B6500D4799B /* HmCapstoneTests.swift in Sources */,
				2892A1262BDA3A4E00F1F3BE /* NPPESAPIModelTests.swift in Sources */,
				2892A1242BDA2EC700F1F3BE /* ProviderViewModelTests.swift in Sources */,
			);
			runOnlyForDeploymentPostprocessing = 0;
		};
		2856FD612BD04B6500D4799B /* Sources */ = {
			isa = PBXSourcesBuildPhase;
			buildActionMask = 2147483647;
			files = (
				2856FD6C2BD04B6500D4799B /* HmCapstoneUITestsLaunchTests.swift in Sources */,
				2856FD6A2BD04B6500D4799B /* HmCapstoneUITests.swift in Sources */,
				2892A1282BDA3C8700F1F3BE /* PrivateDataViewUITests.swift in Sources */,
				2892A12A2BDAD12700F1F3BE /* MainTabViewUITests.swift in Sources */,
			);
			runOnlyForDeploymentPostprocessing = 0;
		};
/* End PBXSourcesBuildPhase section */

/* Begin PBXTargetDependency section */
		2856FD5D2BD04B6500D4799B /* PBXTargetDependency */ = {
			isa = PBXTargetDependency;
			target = 2856FD4A2BD04B6200D4799B /* hmCapstone */;
			targetProxy = 2856FD5C2BD04B6500D4799B /* PBXContainerItemProxy */;
		};
		2856FD672BD04B6500D4799B /* PBXTargetDependency */ = {
			isa = PBXTargetDependency;
			target = 2856FD4A2BD04B6200D4799B /* hmCapstone */;
			targetProxy = 2856FD662BD04B6500D4799B /* PBXContainerItemProxy */;
		};
/* End PBXTargetDependency section */

/* Begin XCBuildConfiguration section */
		2856FD6D2BD04B6500D4799B /* Debug */ = {
			isa = XCBuildConfiguration;
			buildSettings = {
				ALWAYS_SEARCH_USER_PATHS = NO;
				ASSETCATALOG_COMPILER_GENERATE_SWIFT_ASSET_SYMBOL_EXTENSIONS = YES;
				CLANG_ANALYZER_NONNULL = YES;
				CLANG_ANALYZER_NUMBER_OBJECT_CONVERSION = YES_AGGRESSIVE;
				CLANG_CXX_LANGUAGE_STANDARD = "gnu++20";
				CLANG_ENABLE_MODULES = YES;
				CLANG_ENABLE_OBJC_ARC = YES;
				CLANG_ENABLE_OBJC_WEAK = YES;
				CLANG_WARN_BLOCK_CAPTURE_AUTORELEASING = YES;
				CLANG_WARN_BOOL_CONVERSION = YES;
				CLANG_WARN_COMMA = YES;
				CLANG_WARN_CONSTANT_CONVERSION = YES;
				CLANG_WARN_DEPRECATED_OBJC_IMPLEMENTATIONS = YES;
				CLANG_WARN_DIRECT_OBJC_ISA_USAGE = YES_ERROR;
				CLANG_WARN_DOCUMENTATION_COMMENTS = YES;
				CLANG_WARN_EMPTY_BODY = YES;
				CLANG_WARN_ENUM_CONVERSION = YES;
				CLANG_WARN_INFINITE_RECURSION = YES;
				CLANG_WARN_INT_CONVERSION = YES;
				CLANG_WARN_NON_LITERAL_NULL_CONVERSION = YES;
				CLANG_WARN_OBJC_IMPLICIT_RETAIN_SELF = YES;
				CLANG_WARN_OBJC_LITERAL_CONVERSION = YES;
				CLANG_WARN_OBJC_ROOT_CLASS = YES_ERROR;
				CLANG_WARN_QUOTED_INCLUDE_IN_FRAMEWORK_HEADER = YES;
				CLANG_WARN_RANGE_LOOP_ANALYSIS = YES;
				CLANG_WARN_STRICT_PROTOTYPES = YES;
				CLANG_WARN_SUSPICIOUS_MOVE = YES;
				CLANG_WARN_UNGUARDED_AVAILABILITY = YES_AGGRESSIVE;
				CLANG_WARN_UNREACHABLE_CODE = YES;
				CLANG_WARN__DUPLICATE_METHOD_MATCH = YES;
				COPY_PHASE_STRIP = NO;
				DEBUG_INFORMATION_FORMAT = dwarf;
				ENABLE_STRICT_OBJC_MSGSEND = YES;
				ENABLE_TESTABILITY = YES;
				ENABLE_USER_SCRIPT_SANDBOXING = YES;
				GCC_C_LANGUAGE_STANDARD = gnu17;
				GCC_DYNAMIC_NO_PIC = NO;
				GCC_NO_COMMON_BLOCKS = YES;
				GCC_OPTIMIZATION_LEVEL = 0;
				GCC_PREPROCESSOR_DEFINITIONS = (
					"DEBUG=1",
					"$(inherited)",
				);
				GCC_WARN_64_TO_32_BIT_CONVERSION = YES;
				GCC_WARN_ABOUT_RETURN_TYPE = YES_ERROR;
				GCC_WARN_UNDECLARED_SELECTOR = YES;
				GCC_WARN_UNINITIALIZED_AUTOS = YES_AGGRESSIVE;
				GCC_WARN_UNUSED_FUNCTION = YES;
				GCC_WARN_UNUSED_VARIABLE = YES;
				IPHONEOS_DEPLOYMENT_TARGET = 17.2;
				LOCALIZATION_PREFERS_STRING_CATALOGS = YES;
				MTL_ENABLE_DEBUG_INFO = INCLUDE_SOURCE;
				MTL_FAST_MATH = YES;
				ONLY_ACTIVE_ARCH = YES;
				SDKROOT = iphoneos;
				SWIFT_ACTIVE_COMPILATION_CONDITIONS = "DEBUG $(inherited)";
				SWIFT_OPTIMIZATION_LEVEL = "-Onone";
			};
			name = Debug;
		};
		2856FD6E2BD04B6500D4799B /* Release */ = {
			isa = XCBuildConfiguration;
			buildSettings = {
				ALWAYS_SEARCH_USER_PATHS = NO;
				ASSETCATALOG_COMPILER_GENERATE_SWIFT_ASSET_SYMBOL_EXTENSIONS = YES;
				CLANG_ANALYZER_NONNULL = YES;
				CLANG_ANALYZER_NUMBER_OBJECT_CONVERSION = YES_AGGRESSIVE;
				CLANG_CXX_LANGUAGE_STANDARD = "gnu++20";
				CLANG_ENABLE_MODULES = YES;
				CLANG_ENABLE_OBJC_ARC = YES;
				CLANG_ENABLE_OBJC_WEAK = YES;
				CLANG_WARN_BLOCK_CAPTURE_AUTORELEASING = YES;
				CLANG_WARN_BOOL_CONVERSION = YES;
				CLANG_WARN_COMMA = YES;
				CLANG_WARN_CONSTANT_CONVERSION = YES;
				CLANG_WARN_DEPRECATED_OBJC_IMPLEMENTATIONS = YES;
				CLANG_WARN_DIRECT_OBJC_ISA_USAGE = YES_ERROR;
				CLANG_WARN_DOCUMENTATION_COMMENTS = YES;
				CLANG_WARN_EMPTY_BODY = YES;
				CLANG_WARN_ENUM_CONVERSION = YES;
				CLANG_WARN_INFINITE_RECURSION = YES;
				CLANG_WARN_INT_CONVERSION = YES;
				CLANG_WARN_NON_LITERAL_NULL_CONVERSION = YES;
				CLANG_WARN_OBJC_IMPLICIT_RETAIN_SELF = YES;
				CLANG_WARN_OBJC_LITERAL_CONVERSION = YES;
				CLANG_WARN_OBJC_ROOT_CLASS = YES_ERROR;
				CLANG_WARN_QUOTED_INCLUDE_IN_FRAMEWORK_HEADER = YES;
				CLANG_WARN_RANGE_LOOP_ANALYSIS = YES;
				CLANG_WARN_STRICT_PROTOTYPES = YES;
				CLANG_WARN_SUSPICIOUS_MOVE = YES;
				CLANG_WARN_UNGUARDED_AVAILABILITY = YES_AGGRESSIVE;
				CLANG_WARN_UNREACHABLE_CODE = YES;
				CLANG_WARN__DUPLICATE_METHOD_MATCH = YES;
				COPY_PHASE_STRIP = NO;
				DEBUG_INFORMATION_FORMAT = "dwarf-with-dsym";
				ENABLE_NS_ASSERTIONS = NO;
				ENABLE_STRICT_OBJC_MSGSEND = YES;
				ENABLE_USER_SCRIPT_SANDBOXING = YES;
				GCC_C_LANGUAGE_STANDARD = gnu17;
				GCC_NO_COMMON_BLOCKS = YES;
				GCC_WARN_64_TO_32_BIT_CONVERSION = YES;
				GCC_WARN_ABOUT_RETURN_TYPE = YES_ERROR;
				GCC_WARN_UNDECLARED_SELECTOR = YES;
				GCC_WARN_UNINITIALIZED_AUTOS = YES_AGGRESSIVE;
				GCC_WARN_UNUSED_FUNCTION = YES;
				GCC_WARN_UNUSED_VARIABLE = YES;
				IPHONEOS_DEPLOYMENT_TARGET = 17.2;
				LOCALIZATION_PREFERS_STRING_CATALOGS = YES;
				MTL_ENABLE_DEBUG_INFO = NO;
				MTL_FAST_MATH = YES;
				SDKROOT = iphoneos;
				SWIFT_COMPILATION_MODE = wholemodule;
				VALIDATE_PRODUCT = YES;
			};
			name = Release;
		};
		2856FD702BD04B6500D4799B /* Debug */ = {
			isa = XCBuildConfiguration;
			buildSettings = {
				ASSETCATALOG_COMPILER_APPICON_NAME = AppIcon;
				ASSETCATALOG_COMPILER_GLOBAL_ACCENT_COLOR_NAME = AccentColor;
				CODE_SIGN_STYLE = Automatic;
				CURRENT_PROJECT_VERSION = 1;
				DEVELOPMENT_ASSET_PATHS = "\"hmCapstone/Preview Content\"";
				ENABLE_PREVIEWS = YES;
				ENABLE_USER_SCRIPT_SANDBOXING = NO;
				GENERATE_INFOPLIST_FILE = YES;
				INFOPLIST_KEY_UIApplicationSceneManifest_Generation = YES;
				INFOPLIST_KEY_UIApplicationSupportsIndirectInputEvents = YES;
				INFOPLIST_KEY_UILaunchScreen_Generation = YES;
				INFOPLIST_KEY_UISupportedInterfaceOrientations_iPad = "UIInterfaceOrientationPortrait UIInterfaceOrientationPortraitUpsideDown UIInterfaceOrientationLandscapeLeft UIInterfaceOrientationLandscapeRight";
				INFOPLIST_KEY_UISupportedInterfaceOrientations_iPhone = "UIInterfaceOrientationPortrait UIInterfaceOrientationLandscapeLeft UIInterfaceOrientationLandscapeRight";
				LD_RUNPATH_SEARCH_PATHS = (
					"$(inherited)",
					"@executable_path/Frameworks",
				);
				MARKETING_VERSION = 1.0;
				PRODUCT_BUNDLE_IDENTIFIER = io.mediblock.hmCapstone;
				PRODUCT_NAME = "$(TARGET_NAME)";
				SWIFT_EMIT_LOC_STRINGS = YES;
				SWIFT_VERSION = 5.0;
				TARGETED_DEVICE_FAMILY = "1,2";
			};
			name = Debug;
		};
		2856FD712BD04B6500D4799B /* Release */ = {
			isa = XCBuildConfiguration;
			buildSettings = {
				ASSETCATALOG_COMPILER_APPICON_NAME = AppIcon;
				ASSETCATALOG_COMPILER_GLOBAL_ACCENT_COLOR_NAME = AccentColor;
				CODE_SIGN_STYLE = Automatic;
				CURRENT_PROJECT_VERSION = 1;
				DEVELOPMENT_ASSET_PATHS = "\"hmCapstone/Preview Content\"";
				ENABLE_PREVIEWS = YES;
				ENABLE_USER_SCRIPT_SANDBOXING = NO;
				GENERATE_INFOPLIST_FILE = YES;
				INFOPLIST_KEY_UIApplicationSceneManifest_Generation = YES;
				INFOPLIST_KEY_UIApplicationSupportsIndirectInputEvents = YES;
				INFOPLIST_KEY_UILaunchScreen_Generation = YES;
				INFOPLIST_KEY_UISupportedInterfaceOrientations_iPad = "UIInterfaceOrientationPortrait UIInterfaceOrientationPortraitUpsideDown UIInterfaceOrientationLandscapeLeft UIInterfaceOrientationLandscapeRight";
				INFOPLIST_KEY_UISupportedInterfaceOrientations_iPhone = "UIInterfaceOrientationPortrait UIInterfaceOrientationLandscapeLeft UIInterfaceOrientationLandscapeRight";
				LD_RUNPATH_SEARCH_PATHS = (
					"$(inherited)",
					"@executable_path/Frameworks",
				);
				MARKETING_VERSION = 1.0;
				PRODUCT_BUNDLE_IDENTIFIER = io.mediblock.hmCapstone;
				PRODUCT_NAME = "$(TARGET_NAME)";
				SWIFT_EMIT_LOC_STRINGS = YES;
				SWIFT_VERSION = 5.0;
				TARGETED_DEVICE_FAMILY = "1,2";
			};
			name = Release;
		};
		2856FD732BD04B6500D4799B /* Debug */ = {
			isa = XCBuildConfiguration;
			buildSettings = {
				ALWAYS_EMBED_SWIFT_STANDARD_LIBRARIES = YES;
				BUNDLE_LOADER = "$(TEST_HOST)";
				CODE_SIGN_STYLE = Automatic;
				CURRENT_PROJECT_VERSION = 1;
				ENABLE_USER_SCRIPT_SANDBOXING = NO;
				GENERATE_INFOPLIST_FILE = YES;
				IPHONEOS_DEPLOYMENT_TARGET = 17.2;
				MARKETING_VERSION = 1.0;
				PRODUCT_BUNDLE_IDENTIFIER = io.mediblock.hmCapstoneTests;
				PRODUCT_NAME = "$(TARGET_NAME)";
				SWIFT_EMIT_LOC_STRINGS = NO;
				SWIFT_VERSION = 5.0;
				TARGETED_DEVICE_FAMILY = "1,2";
				TEST_HOST = "$(BUILT_PRODUCTS_DIR)/hmCapstone.app/$(BUNDLE_EXECUTABLE_FOLDER_PATH)/hmCapstone";
			};
			name = Debug;
		};
		2856FD742BD04B6500D4799B /* Release */ = {
			isa = XCBuildConfiguration;
			buildSettings = {
				ALWAYS_EMBED_SWIFT_STANDARD_LIBRARIES = YES;
				BUNDLE_LOADER = "$(TEST_HOST)";
				CODE_SIGN_STYLE = Automatic;
				CURRENT_PROJECT_VERSION = 1;
				ENABLE_USER_SCRIPT_SANDBOXING = NO;
				GENERATE_INFOPLIST_FILE = YES;
				IPHONEOS_DEPLOYMENT_TARGET = 17.2;
				MARKETING_VERSION = 1.0;
				PRODUCT_BUNDLE_IDENTIFIER = io.mediblock.hmCapstoneTests;
				PRODUCT_NAME = "$(TARGET_NAME)";
				SWIFT_EMIT_LOC_STRINGS = NO;
				SWIFT_VERSION = 5.0;
				TARGETED_DEVICE_FAMILY = "1,2";
				TEST_HOST = "$(BUILT_PRODUCTS_DIR)/hmCapstone.app/$(BUNDLE_EXECUTABLE_FOLDER_PATH)/hmCapstone";
			};
			name = Release;
		};
		2856FD762BD04B6500D4799B /* Debug */ = {
			isa = XCBuildConfiguration;
			buildSettings = {
				ALWAYS_EMBED_SWIFT_STANDARD_LIBRARIES = YES;
				CODE_SIGN_STYLE = Automatic;
				CURRENT_PROJECT_VERSION = 1;
				ENABLE_USER_SCRIPT_SANDBOXING = NO;
				GENERATE_INFOPLIST_FILE = YES;
				MARKETING_VERSION = 1.0;
				PRODUCT_BUNDLE_IDENTIFIER = io.mediblock.hmCapstoneUITests;
				PRODUCT_NAME = "$(TARGET_NAME)";
				SWIFT_EMIT_LOC_STRINGS = NO;
				SWIFT_VERSION = 5.0;
				TARGETED_DEVICE_FAMILY = "1,2";
				TEST_TARGET_NAME = hmCapstone;
			};
			name = Debug;
		};
		2856FD772BD04B6500D4799B /* Release */ = {
			isa = XCBuildConfiguration;
			buildSettings = {
				ALWAYS_EMBED_SWIFT_STANDARD_LIBRARIES = YES;
				CODE_SIGN_STYLE = Automatic;
				CURRENT_PROJECT_VERSION = 1;
				ENABLE_USER_SCRIPT_SANDBOXING = NO;
				GENERATE_INFOPLIST_FILE = YES;
				MARKETING_VERSION = 1.0;
				PRODUCT_BUNDLE_IDENTIFIER = io.mediblock.hmCapstoneUITests;
				PRODUCT_NAME = "$(TARGET_NAME)";
				SWIFT_EMIT_LOC_STRINGS = NO;
				SWIFT_VERSION = 5.0;
				TARGETED_DEVICE_FAMILY = "1,2";
				TEST_TARGET_NAME = hmCapstone;
			};
			name = Release;
		};
/* End XCBuildConfiguration section */

/* Begin XCConfigurationList section */
		2856FD462BD04B6200D4799B /* Build configuration list for PBXProject "hmCapstone" */ = {
			isa = XCConfigurationList;
			buildConfigurations = (
				2856FD6D2BD04B6500D4799B /* Debug */,
				2856FD6E2BD04B6500D4799B /* Release */,
			);
			defaultConfigurationIsVisible = 0;
			defaultConfigurationName = Release;
		};
		2856FD6F2BD04B6500D4799B /* Build configuration list for PBXNativeTarget "hmCapstone" */ = {
			isa = XCConfigurationList;
			buildConfigurations = (
				2856FD702BD04B6500D4799B /* Debug */,
				2856FD712BD04B6500D4799B /* Release */,
			);
			defaultConfigurationIsVisible = 0;
			defaultConfigurationName = Release;
		};
		2856FD722BD04B6500D4799B /* Build configuration list for PBXNativeTarget "hmCapstoneTests" */ = {
			isa = XCConfigurationList;
			buildConfigurations = (
				2856FD732BD04B6500D4799B /* Debug */,
				2856FD742BD04B6500D4799B /* Release */,
			);
			defaultConfigurationIsVisible = 0;
			defaultConfigurationName = Release;
		};
		2856FD752BD04B6500D4799B /* Build configuration list for PBXNativeTarget "hmCapstoneUITests" */ = {
			isa = XCConfigurationList;
			buildConfigurations = (
				2856FD762BD04B6500D4799B /* Debug */,
				2856FD772BD04B6500D4799B /* Release */,
			);
			defaultConfigurationIsVisible = 0;
			defaultConfigurationName = Release;
		};
/* End XCConfigurationList section */
	};
	rootObject = 2856FD432BD04B6200D4799B /* Project object */;
}
